
Microsoft Visual Studio Solution File, Format Version 12.00
# Visual Studio Version 17
VisualStudioVersion = 17.8.34330.188
MinimumVisualStudioVersion = 10.0.40219.1
Project("{FAE04EC0-301F-11D3-BF4B-00C04F79EFBC}") = "AdoNETConLess", "AdoNETConLess.csproj", "{AD3D4761-9E49-4B33-B4CD-2A63DAE058A2}"
EndProject
Global
	GlobalSection(SolutionConfigurationPlatforms) = preSolution
		Debug|Any CPU = Debug|Any CPU
		Release|Any CPU = Release|Any CPU
	EndGlobalSection
	GlobalSection(ProjectConfigurationPlatforms) = postSolution
		{AD3D4761-9E49-4B33-B4CD-2A63DAE058A2}.Debug|Any CPU.ActiveCfg = Debug|Any CPU
		{AD3D4761-9E49-4B33-B4CD-2A63DAE058A2}.Debug|Any CPU.Build.0 = Debug|Any CPU
		{AD3D4761-9E49-4B33-B4CD-2A63DAE058A2}.Release|Any CPU.ActiveCfg = Release|Any CPU
		{AD3D4761-9E49-4B33-B4CD-2A63DAE058A2}.Release|Any CPU.Build.0 = Release|Any CPU
	EndGlobalSection
	GlobalSection(SolutionProperties) = preSolution
		HideSolutionNode = FALSE
	EndGlobalSection
	GlobalSection(ExtensibilityGlobals) = postSolution
		SolutionGuid = {14874813-6C8C-47E6-9DB1-0E7C70D599AC}
	EndGlobalSection
EndGlobal
