
Microsoft Visual Studio Solution File, Format Version 12.00
# Visual Studio Version 17
VisualStudioVersion = 17.8.34330.188
MinimumVisualStudioVersion = 10.0.40219.1
Project("{FAE04EC0-301F-11D3-BF4B-00C04F79EFBC}") = "Bank App", "Bank App.csproj", "{F72990A4-C295-46E8-9FA4-A5116D5C23F6}"
EndProject
Global
	GlobalSection(SolutionConfigurationPlatforms) = preSolution
		Debug|Any CPU = Debug|Any CPU
		Release|Any CPU = Release|Any CPU
	EndGlobalSection
	GlobalSection(ProjectConfigurationPlatforms) = postSolution
		{F72990A4-C295-46E8-9FA4-A5116D5C23F6}.Debug|Any CPU.ActiveCfg = Debug|Any CPU
		{F72990A4-C295-46E8-9FA4-A5116D5C23F6}.Debug|Any CPU.Build.0 = Debug|Any CPU
		{F72990A4-C295-46E8-9FA4-A5116D5C23F6}.Release|Any CPU.ActiveCfg = Release|Any CPU
		{F72990A4-C295-46E8-9FA4-A5116D5C23F6}.Release|Any CPU.Build.0 = Release|Any CPU
	EndGlobalSection
	GlobalSection(SolutionProperties) = preSolution
		HideSolutionNode = FALSE
	EndGlobalSection
	GlobalSection(ExtensibilityGlobals) = postSolution
		SolutionGuid = {4F1FEB51-F2A2-4E59-81E7-8A22BA1F615D}
	EndGlobalSection
EndGlobal
